
Microsoft Visual Studio Solution File, Format Version 12.00
# Visual Studio Version 17
VisualStudioVersion = 17.7.34024.191
MinimumVisualStudioVersion = 10.0.40219.1
Project("{FAE04EC0-301F-11D3-BF4B-00C04F79EFBC}") = "Week14OOP", "Week14OOP\Week14OOP.csproj", "{05F8E71D-5065-4490-881F-4BFBBB8F6F4C}"
EndProject
Global
	GlobalSection(SolutionConfigurationPlatforms) = preSolution
		Debug|Any CPU = Debug|Any CPU
		Release|Any CPU = Release|Any CPU
	EndGlobalSection
	GlobalSection(ProjectConfigurationPlatforms) = postSolution
		{05F8E71D-5065-4490-881F-4BFBBB8F6F4C}.Debug|Any CPU.ActiveCfg = Debug|Any CPU
		{05F8E71D-5065-4490-881F-4BFBBB8F6F4C}.Debug|Any CPU.Build.0 = Debug|Any CPU
		{05F8E71D-5065-4490-881F-4BFBBB8F6F4C}.Release|Any CPU.ActiveCfg = Release|Any CPU
		{05F8E71D-5065-4490-881F-4BFBBB8F6F4C}.Release|Any CPU.Build.0 = Release|Any CPU
	EndGlobalSection
	GlobalSection(SolutionProperties) = preSolution
		HideSolutionNode = FALSE
	EndGlobalSection
	GlobalSection(ExtensibilityGlobals) = postSolution
		SolutionGuid = {021410AD-0CCE-4D7A-BA8D-719BA8AE17FA}
	EndGlobalSection
EndGlobal
